
Microsoft Visual Studio Solution File, Format Version 12.00
# Visual Studio 14
VisualStudioVersion = 14.0.25420.1
MinimumVisualStudioVersion = 10.0.40219.1
Project("{FAE04EC0-301F-11D3-BF4B-00C04F79EFBC}") = "blqw.Convert3", "blqw.Convert3\blqw.Convert3.csproj", "{B8EF5156-6262-4D04-A17B-FA06253C4011}"
EndProject
Project("{2150E333-8FDC-42A3-9474-1A3956D46DE8}") = "files", "files", "{2CC9F291-E7D0-4096-9890-004ECC5F1C13}"
	ProjectSection(SolutionItems) = preProject
		blqw.Convert3\blqw.Convert3.nuspec = blqw.Convert3\blqw.Convert3.nuspec
		LICENSE = LICENSE
		README.md = README.md
	EndProjectSection
EndProject
Project("{FAE04EC0-301F-11D3-BF4B-00C04F79EFBC}") = "Demo", "Demo\Demo.csproj", "{489BF507-1CBB-4CCC-ABB3-C1C807FADEB2}"
EndProject
Project("{FAE04EC0-301F-11D3-BF4B-00C04F79EFBC}") = "UnitTest", "UnitTest\UnitTest.csproj", "{F55826BA-1455-45F9-9877-3F74F0FD956B}"
EndProject
Global
	GlobalSection(SolutionConfigurationPlatforms) = preSolution
		Debug|Any CPU = Debug|Any CPU
		Release|Any CPU = Release|Any CPU
	EndGlobalSection
	GlobalSection(ProjectConfigurationPlatforms) = postSolution
		{B8EF5156-6262-4D04-A17B-FA06253C4011}.Debug|Any CPU.ActiveCfg = Debug|Any CPU
		{B8EF5156-6262-4D04-A17B-FA06253C4011}.Debug|Any CPU.Build.0 = Debug|Any CPU
		{B8EF5156-6262-4D04-A17B-FA06253C4011}.Release|Any CPU.ActiveCfg = Release|Any CPU
		{B8EF5156-6262-4D04-A17B-FA06253C4011}.Release|Any CPU.Build.0 = Release|Any CPU
		{489BF507-1CBB-4CCC-ABB3-C1C807FADEB2}.Debug|Any CPU.ActiveCfg = Debug|Any CPU
		{489BF507-1CBB-4CCC-ABB3-C1C807FADEB2}.Debug|Any CPU.Build.0 = Debug|Any CPU
		{489BF507-1CBB-4CCC-ABB3-C1C807FADEB2}.Release|Any CPU.ActiveCfg = Release|Any CPU
		{489BF507-1CBB-4CCC-ABB3-C1C807FADEB2}.Release|Any CPU.Build.0 = Release|Any CPU
		{F55826BA-1455-45F9-9877-3F74F0FD956B}.Debug|Any CPU.ActiveCfg = Debug|Any CPU
		{F55826BA-1455-45F9-9877-3F74F0FD956B}.Debug|Any CPU.Build.0 = Debug|Any CPU
		{F55826BA-1455-45F9-9877-3F74F0FD956B}.Release|Any CPU.ActiveCfg = Release|Any CPU
		{F55826BA-1455-45F9-9877-3F74F0FD956B}.Release|Any CPU.Build.0 = Release|Any CPU
	EndGlobalSection
	GlobalSection(SolutionProperties) = preSolution
		HideSolutionNode = FALSE
	EndGlobalSection
EndGlobal
